// !$*UTF8*$!
{
	archiveVersion = 1;
	classes = {
	};
	objectVersion = 50;
	objects = {

/* Begin PBXBuildFile section */
		A40FAFC12152313000B62F80 /* DDYStoreProductViewController.m in Sources */ = {isa = PBXBuildFile; fileRef = A40FAFC02152313000B62F80 /* DDYStoreProductViewController.m */; };
		A43D6EC82152160D003DA52B /* AppDelegate.m in Sources */ = {isa = PBXBuildFile; fileRef = A43D6EC12152160D003DA52B /* AppDelegate.m */; };
		A43D6EC92152160D003DA52B /* LaunchScreen.storyboard in Resources */ = {isa = PBXBuildFile; fileRef = A43D6EC22152160D003DA52B /* LaunchScreen.storyboard */; };
		A43D6ECA2152160D003DA52B /* Info.plist in Resources */ = {isa = PBXBuildFile; fileRef = A43D6EC42152160D003DA52B /* Info.plist */; };
		A43D6ECB2152160D003DA52B /* main.m in Sources */ = {isa = PBXBuildFile; fileRef = A43D6EC52152160D003DA52B /* main.m */; };
		A43D6ECC2152160D003DA52B /* ViewController.m in Sources */ = {isa = PBXBuildFile; fileRef = A43D6EC72152160D003DA52B /* ViewController.m */; };
/* End PBXBuildFile section */

/* Begin PBXFileReference section */
		A40FAFBF2152313000B62F80 /* DDYStoreProductViewController.h */ = {isa = PBXFileReference; lastKnownFileType = sourcecode.c.h; path = DDYStoreProductViewController.h; sourceTree = "<group>"; };
		A40FAFC02152313000B62F80 /* DDYStoreProductViewController.m */ = {isa = PBXFileReference; lastKnownFileType = sourcecode.c.objc; path = DDYStoreProductViewController.m; sourceTree = "<group>"; };
		A43D6EA92152120A003DA52B /* DDYStoreKit.app */ = {isa = PBXFileReference; explicitFileType = wrapper.application; includeInIndex = 0; path = DDYStoreKit.app; sourceTree = BUILT_PRODUCTS_DIR; };
		A43D6EC02152160D003DA52B /* AppDelegate.h */ = {isa = PBXFileReference; fileEncoding = 4; lastKnownFileType = sourcecode.c.h; path = AppDelegate.h; sourceTree = "<group>"; };
		A43D6EC12152160D003DA52B /* AppDelegate.m */ = {isa = PBXFileReference; fileEncoding = 4; lastKnownFileType = sourcecode.c.objc; path = AppDelegate.m; sourceTree = "<group>"; };
		A43D6EC32152160D003DA52B /* Base */ = {isa = PBXFileReference; lastKnownFileType = file.storyboard; name = Base; path = Base.lproj/LaunchScreen.storyboard; sourceTree = "<group>"; };
		A43D6EC42152160D003DA52B /* Info.plist */ = {isa = PBXFileReference; fileEncoding = 4; lastKnownFileType = text.plist.xml; path = Info.plist; sourceTree = "<group>"; };
		A43D6EC52152160D003DA52B /* main.m */ = {isa = PBXFileReference; fileEncoding = 4; lastKnownFileType = sourcecode.c.objc; path = main.m; sourceTree = "<group>"; };
		A43D6EC62152160D003DA52B /* ViewController.h */ = {isa = PBXFileReference; fileEncoding = 4; lastKnownFileType = sourcecode.c.h; path = ViewController.h; sourceTree = "<group>"; };
		A43D6EC72152160D003DA52B /* ViewController.m */ = {isa = PBXFileReference; fileEncoding = 4; lastKnownFileType = sourcecode.c.objc; path = ViewController.m; sourceTree = "<group>"; };
/* End PBXFileReference section */

/* Begin PBXFrameworksBuildPhase section */
		A43D6EA62152120A003DA52B /* Frameworks */ = {
			isa = PBXFrameworksBuildPhase;
			buildActionMask = 2147483647;
			files = (
			);
			runOnlyForDeploymentPostprocessing = 0;
		};
/* End PBXFrameworksBuildPhase section */

/* Begin PBXGroup section */
		A43D6EA02152120A003DA52B = {
			isa = PBXGroup;
			children = (
				A43D6EAB2152120A003DA52B /* DDYStoreKit */,
				A43D6EAA2152120A003DA52B /* Products */,
			);
			sourceTree = "<group>";
		};
		A43D6EAA2152120A003DA52B /* Products */ = {
			isa = PBXGroup;
			children = (
				A43D6EA92152120A003DA52B /* DDYStoreKit.app */,
			);
			name = Products;
			sourceTree = "<group>";
		};
		A43D6EAB2152120A003DA52B /* DDYStoreKit */ = {
			isa = PBXGroup;
			children = (
				A43D6EBF2152160D003DA52B /* System */,
			);
			path = DDYStoreKit;
			sourceTree = "<group>";
		};
		A43D6EBF2152160D003DA52B /* System */ = {
			isa = PBXGroup;
			children = (
				A43D6EC02152160D003DA52B /* AppDelegate.h */,
				A43D6EC12152160D003DA52B /* AppDelegate.m */,
				A43D6EC22152160D003DA52B /* LaunchScreen.storyboard */,
				A43D6EC42152160D003DA52B /* Info.plist */,
				A43D6EC52152160D003DA52B /* main.m */,
				A43D6EC62152160D003DA52B /* ViewController.h */,
				A43D6EC72152160D003DA52B /* ViewController.m */,
				A40FAFBF2152313000B62F80 /* DDYStoreProductViewController.h */,
				A40FAFC02152313000B62F80 /* DDYStoreProductViewController.m */,
			);
			path = System;
			sourceTree = "<group>";
		};
/* End PBXGroup section */

/* Begin PBXNativeTarget section */
		A43D6EA82152120A003DA52B /* DDYStoreKit */ = {
			isa = PBXNativeTarget;
			buildConfigurationList = A43D6EBC21521215003DA52B /* Build configuration list for PBXNativeTarget "DDYStoreKit" */;
			buildPhases = (
				A43D6EA52152120A003DA52B /* Sources */,
				A43D6EA62152120A003DA52B /* Frameworks */,
				A43D6EA72152120A003DA52B /* Resources */,
			);
			buildRules = (
			);
			dependencies = (
			);
			name = DDYStoreKit;
			productName = DDYStoreKitDemo;
			productReference = A43D6EA92152120A003DA52B /* DDYStoreKit.app */;
			productType = "com.apple.product-type.application";
		};
/* End PBXNativeTarget section */

/* Begin PBXProject section */
		A43D6EA12152120A003DA52B /* Project object */ = {
			isa = PBXProject;
			attributes = {
				LastUpgradeCheck = 0930;
				ORGANIZATIONNAME = com.smartmesh;
				TargetAttributes = {
					A43D6EA82152120A003DA52B = {
						CreatedOnToolsVersion = 9.3;
					};
				};
			};
			buildConfigurationList = A43D6EA42152120A003DA52B /* Build configuration list for PBXProject "DDYStoreKit" */;
			compatibilityVersion = "Xcode 9.3";
			developmentRegion = en;
			hasScannedForEncodings = 0;
			knownRegions = (
				en,
				Base,
			);
			mainGroup = A43D6EA02152120A003DA52B;
			productRefGroup = A43D6EAA2152120A003DA52B /* Products */;
			projectDirPath = "";
			projectRoot = "";
			targets = (
				A43D6EA82152120A003DA52B /* DDYStoreKit */,
			);
		};
/* End PBXProject section */

/* Begin PBXResourcesBuildPhase section */
		A43D6EA72152120A003DA52B /* Resources */ = {
			isa = PBXResourcesBuildPhase;
			buildActionMask = 2147483647;
			files = (
				A43D6ECA2152160D003DA52B /* Info.plist in Resources */,
				A43D6EC92152160D003DA52B /* LaunchScreen.storyboard in Resources */,
			);
			runOnlyForDeploymentPostprocessing = 0;
		};
/* End PBXResourcesBuildPhase section */

/* Begin PBXSourcesBuildPhase section */
		A43D6EA52152120A003DA52B /* Sources */ = {
			isa = PBXSourcesBuildPhase;
			buildActionMask = 2147483647;
			files = (
				A40FAFC12152313000B62F80 /* DDYStoreProductViewController.m in Sources */,
				A43D6ECC2152160D003DA52B /* ViewController.m in Sources */,
				A43D6ECB2152160D003DA52B /* main.m in Sources */,
				A43D6EC82152160D003DA52B /* AppDelegate.m in Sources */,
			);
			runOnlyForDeploymentPostprocessing = 0;
		};
/* End PBXSourcesBuildPhase section */

/* Begin PBXVariantGroup section */
		A43D6EC22152160D003DA52B /* LaunchScreen.storyboard */ = {
			isa = PBXVariantGroup;
			children = (
				A43D6EC32152160D003DA52B /* Base */,
			);
			name = LaunchScreen.storyboard;
			sourceTree = "<group>";
		};
/* End PBXVariantGroup section */

/* Begin XCBuildConfiguration section */
		A43D6EBA21521215003DA52B /* Debug */ = {
			isa = XCBuildConfiguration;
			buildSettings = {
				ALWAYS_SEARCH_USER_PATHS = NO;
				CLANG_ANALYZER_NONNULL = YES;
				CLANG_ANALYZER_NUMBER_OBJECT_CONVERSION = YES_AGGRESSIVE;
				CLANG_CXX_LANGUAGE_STANDARD = "gnu++14";
				CLANG_CXX_LIBRARY = "libc++";
				CLANG_ENABLE_MODULES = YES;
				CLANG_ENABLE_OBJC_ARC = YES;
				CLANG_ENABLE_OBJC_WEAK = YES;
				CLANG_WARN_BLOCK_CAPTURE_AUTORELEASING = YES;
				CLANG_WARN_BOOL_CONVERSION = YES;
				CLANG_WARN_COMMA = YES;
				CLANG_WARN_CONSTANT_CONVERSION = YES;
				CLANG_WARN_DEPRECATED_OBJC_IMPLEMENTATIONS = YES;
				CLANG_WARN_DIRECT_OBJC_ISA_USAGE = YES_ERROR;
				CLANG_WARN_DOCUMENTATION_COMMENTS = YES;
				CLANG_WARN_EMPTY_BODY = YES;
				CLANG_WARN_ENUM_CONVERSION = YES;
				CLANG_WARN_INFINITE_RECURSION = YES;
				CLANG_WARN_INT_CONVERSION = YES;
				CLANG_WARN_NON_LITERAL_NULL_CONVERSION = YES;
				CLANG_WARN_OBJC_IMPLICIT_RETAIN_SELF = YES;
				CLANG_WARN_OBJC_LITERAL_CONVERSION = YES;
				CLANG_WARN_OBJC_ROOT_CLASS = YES_ERROR;
				CLANG_WARN_RANGE_LOOP_ANALYSIS = YES;
				CLANG_WARN_STRICT_PROTOTYPES = YES;
				CLANG_WARN_SUSPICIOUS_MOVE = YES;
				CLANG_WARN_UNGUARDED_AVAILABILITY = YES_AGGRESSIVE;
				CLANG_WARN_UNREACHABLE_CODE = YES;
				CLANG_WARN__DUPLICATE_METHOD_MATCH = YES;
				CODE_SIGN_IDENTITY = "iPhone Developer";
				COPY_PHASE_STRIP = NO;
				DEBUG_INFORMATION_FORMAT = dwarf;
				ENABLE_STRICT_OBJC_MSGSEND = YES;
				ENABLE_TESTABILITY = YES;
				GCC_C_LANGUAGE_STANDARD = gnu11;
				GCC_DYNAMIC_NO_PIC = NO;
				GCC_NO_COMMON_BLOCKS = YES;
				GCC_OPTIMIZATION_LEVEL = 0;
				GCC_PREPROCESSOR_DEFINITIONS = (
					"DEBUG=1",
					"$(inherited)",
				);
				GCC_WARN_64_TO_32_BIT_CONVERSION = YES;
				GCC_WARN_ABOUT_RETURN_TYPE = YES_ERROR;
				GCC_WARN_UNDECLARED_SELECTOR = YES;
				GCC_WARN_UNINITIALIZED_AUTOS = YES_AGGRESSIVE;
				GCC_WARN_UNUSED_FUNCTION = YES;
				GCC_WARN_UNUSED_VARIABLE = YES;
				IPHONEOS_DEPLOYMENT_TARGET = 11.3;
				MTL_ENABLE_DEBUG_INFO = YES;
				ONLY_ACTIVE_ARCH = YES;
				SDKROOT = iphoneos;
			};
			name = Debug;
		};
		A43D6EBB21521215003DA52B /* Release */ = {
			isa = XCBuildConfiguration;
			buildSettings = {
				ALWAYS_SEARCH_USER_PATHS = NO;
				CLANG_ANALYZER_NONNULL = YES;
				CLANG_ANALYZER_NUMBER_OBJECT_CONVERSION = YES_AGGRESSIVE;
				CLANG_CXX_LANGUAGE_STANDARD = "gnu++14";
				CLANG_CXX_LIBRARY = "libc++";
				CLANG_ENABLE_MODULES = YES;
				CLANG_ENABLE_OBJC_ARC = YES;
				CLANG_ENABLE_OBJC_WEAK = YES;
				CLANG_WARN_BLOCK_CAPTURE_AUTORELEASING = YES;
				CLANG_WARN_BOOL_CONVERSION = YES;
				CLANG_WARN_COMMA = YES;
				CLANG_WARN_CONSTANT_CONVERSION = YES;
				CLANG_WARN_DEPRECATED_OBJC_IMPLEMENTATIONS = YES;
				CLANG_WARN_DIRECT_OBJC_ISA_USAGE = YES_ERROR;
				CLANG_WARN_DOCUMENTATION_COMMENTS = YES;
				CLANG_WARN_EMPTY_BODY = YES;
				CLANG_WARN_ENUM_CONVERSION = YES;
				CLANG_WARN_INFINITE_RECURSION = YES;
				CLANG_WARN_INT_CONVERSION = YES;
				CLANG_WARN_NON_LITERAL_NULL_CONVERSION = YES;
				CLANG_WARN_OBJC_IMPLICIT_RETAIN_SELF = YES;
				CLANG_WARN_OBJC_LITERAL_CONVERSION = YES;
				CLANG_WARN_OBJC_ROOT_CLASS = YES_ERROR;
				CLANG_WARN_RANGE_LOOP_ANALYSIS = YES;
				CLANG_WARN_STRICT_PROTOTYPES = YES;
				CLANG_WARN_SUSPICIOUS_MOVE = YES;
				CLANG_WARN_UNGUARDED_AVAILABILITY = YES_AGGRESSIVE;
				CLANG_WARN_UNREACHABLE_CODE = YES;
				CLANG_WARN__DUPLICATE_METHOD_MATCH = YES;
				CODE_SIGN_IDENTITY = "iPhone Developer";
				COPY_PHASE_STRIP = NO;
				DEBUG_INFORMATION_FORMAT = "dwarf-with-dsym";
				ENABLE_NS_ASSERTIONS = NO;
				ENABLE_STRICT_OBJC_MSGSEND = YES;
				GCC_C_LANGUAGE_STANDARD = gnu11;
				GCC_NO_COMMON_BLOCKS = YES;
				GCC_WARN_64_TO_32_BIT_CONVERSION = YES;
				GCC_WARN_ABOUT_RETURN_TYPE = YES_ERROR;
				GCC_WARN_UNDECLARED_SELECTOR = YES;
				GCC_WARN_UNINITIALIZED_AUTOS = YES_AGGRESSIVE;
				GCC_WARN_UNUSED_FUNCTION = YES;
				GCC_WARN_UNUSED_VARIABLE = YES;
				IPHONEOS_DEPLOYMENT_TARGET = 11.3;
				MTL_ENABLE_DEBUG_INFO = NO;
				SDKROOT = iphoneos;
				VALIDATE_PRODUCT = YES;
			};
			name = Release;
		};
		A43D6EBD21521215003DA52B /* Debug */ = {
			isa = XCBuildConfiguration;
			buildSettings = {
				CODE_SIGN_STYLE = Automatic;
				DEVELOPMENT_TEAM = Y338L96YZA;
				INFOPLIST_FILE = "$(SRCROOT)/DDYStoreKit/System/Info.plist";
				IPHONEOS_DEPLOYMENT_TARGET = 8.0;
				LD_RUNPATH_SEARCH_PATHS = (
					"$(inherited)",
					"@executable_path/Frameworks",
				);
				PRODUCT_BUNDLE_IDENTIFIER = com.lingtuan.nextapp;
				PRODUCT_NAME = "$(TARGET_NAME)";
				TARGETED_DEVICE_FAMILY = 1;
			};
			name = Debug;
		};
		A43D6EBE21521215003DA52B /* Release */ = {
			isa = XCBuildConfiguration;
			buildSettings = {
				CODE_SIGN_STYLE = Automatic;
				DEVELOPMENT_TEAM = Y338L96YZA;
				INFOPLIST_FILE = "$(SRCROOT)/DDYStoreKit/System/Info.plist";
				IPHONEOS_DEPLOYMENT_TARGET = 8.0;
				LD_RUNPATH_SEARCH_PATHS = (
					"$(inherited)",
					"@executable_path/Frameworks",
				);
				PRODUCT_BUNDLE_IDENTIFIER = com.lingtuan.nextapp;
				PRODUCT_NAME = "$(TARGET_NAME)";
				TARGETED_DEVICE_FAMILY = 1;
			};
			name = Release;
		};
/* End XCBuildConfiguration section */

/* Begin XCConfigurationList section */
		A43D6EA42152120A003DA52B /* Build configuration list for PBXProject "DDYStoreKit" */ = {
			isa = XCConfigurationList;
			buildConfigurations = (
				A43D6EBA21521215003DA52B /* Debug */,
				A43D6EBB21521215003DA52B /* Release */,
			);
			defaultConfigurationIsVisible = 0;
			defaultConfigurationName = Release;
		};
		A43D6EBC21521215003DA52B /* Build configuration list for PBXNativeTarget "DDYStoreKit" */ = {
			isa = XCConfigurationList;
			buildConfigurations = (
				A43D6EBD21521215003DA52B /* Debug */,
				A43D6EBE21521215003DA52B /* Release */,
			);
			defaultConfigurationIsVisible = 0;
			defaultConfigurationName = Release;
		};
/* End XCConfigurationList section */
	};
	rootObject = A43D6EA12152120A003DA52B /* Project object */;
}
